{
  "nodes": {
    "dmenu-src": {
      "flake": false,
      "locked": {
        "lastModified": 1695388604,
        "narHash": "sha256-LRBO+V4qOwnUeHrmXhjeMYo3Hsuo2CGEniW5maEKRVU=",
        "ref": "refs/heads/master",
        "rev": "8df553e0048733bab4bc85a6b76bcfd44c046e71",
        "revCount": 612,
        "type": "git",
        "url": "https://git.suckless.org/dmenu"
      },
      "original": {
        "type": "git",
        "url": "https://git.suckless.org/dmenu"
      }
    },
    "dwm-src": {
      "flake": false,
      "locked": {
        "lastModified": 1663390182,
        "narHash": "sha256-mPj+laGTEpMxJ8rmgrZV/guboux4n1p1eB9lHrhkN0Q=",
        "owner": "Rido-o",
        "repo": "dwm-flexipatch",
        "rev": "7d18cca9df933854aa8d0c8a8dbaf6c4be0d13e1",
        "type": "github"
      },
      "original": {
        "owner": "Rido-o",
        "repo": "dwm-flexipatch",
        "type": "github"
      }
    },
    "dwmblocks-src": {
      "flake": false,
      "locked": {
        "lastModified": 1702959701,
        "narHash": "sha256-LuBQ8Zy6b4CDIMIbunTNBoCjBsVY1rn9slqLBG+M7Pg=",
        "owner": "UtkarshVerma",
        "repo": "dwmblocks-async",
        "rev": "12d4decdd45015b9b6f1ac50a2bd65c98695f1c3",
        "type": "github"
      },
      "original": {
        "owner": "UtkarshVerma",
        "repo": "dwmblocks-async",
        "type": "github"
      }
    },
    "firefox-addons": {
      "inputs": {
        "flake-utils": "flake-utils",
        "nixpkgs": [
          "nixpkgs"
        ]
      },
      "locked": {
        "dir": "pkgs/firefox-addons",
        "lastModified": 1709447189,
        "narHash": "sha256-uXro556jQeBydN2zoCgxvoHlwvY8sIVp5j/ycT1el90=",
        "owner": "rycee",
        "repo": "nur-expressions",
        "rev": "4a7e0685baf8277ac9b86e7207ed2d9a6a2d157b",
        "type": "gitlab"
      },
      "original": {
        "dir": "pkgs/firefox-addons",
        "owner": "rycee",
        "repo": "nur-expressions",
        "type": "gitlab"
      }
    },
    "flake-utils": {
      "locked": {
        "lastModified": 1629284811,
        "narHash": "sha256-JHgasjPR0/J1J3DRm4KxM4zTyAj4IOJY8vIl75v/kPI=",
        "owner": "numtide",
        "repo": "flake-utils",
        "rev": "c5d161cc0af116a2e17f54316f0bf43f0819785c",
        "type": "github"
      },
      "original": {
        "owner": "numtide",
        "repo": "flake-utils",
        "type": "github"
      }
    },
    "hardware": {
      "locked": {
        "lastModified": 1709410583,
        "narHash": "sha256-esOSUoQ7mblwcsSea0K17McZuwAIjoS6dq/4b83+lvw=",
        "owner": "nixos",
        "repo": "nixos-hardware",
        "rev": "59e37017b9ed31dee303dbbd4531c594df95cfbc",
        "type": "github"
      },
      "original": {
        "owner": "nixos",
        "repo": "nixos-hardware",
        "type": "github"
      }
    },
    "home-manager": {
      "inputs": {
        "nixpkgs": [
          "nixpkgs"
        ]
      },
      "locked": {
        "lastModified": 1702195668,
        "narHash": "sha256-Lxmjez0nfNBptdqV5GsXKm7Bb7swjGsrxiLxWJu0tL8=",
        "owner": "nix-community",
        "repo": "home-manager",
        "rev": "33110fb3c7fe6a94b98b641866a5eddb64b7c23f",
        "type": "github"
      },
      "original": {
        "owner": "nix-community",
        "ref": "release-23.05",
        "repo": "home-manager",
        "type": "github"
      }
    },
    "nixpkgs": {
      "locked": {
        "lastModified": 1704290814,
        "narHash": "sha256-LWvKHp7kGxk/GEtlrGYV68qIvPHkU9iToomNFGagixU=",
        "owner": "nixos",
        "repo": "nixpkgs",
        "rev": "70bdadeb94ffc8806c0570eb5c2695ad29f0e421",
        "type": "github"
      },
      "original": {
        "owner": "nixos",
        "ref": "nixos-23.05",
        "repo": "nixpkgs",
        "type": "github"
      }
    },
    "nixpkgs-unstable": {
      "locked": {
        "lastModified": 1709237383,
        "narHash": "sha256-cy6ArO4k5qTx+l5o+0mL9f5fa86tYUX3ozE1S+Txlds=",
        "owner": "nixos",
        "repo": "nixpkgs",
        "rev": "1536926ef5621b09bba54035ae2bb6d806d72ac8",
        "type": "github"
      },
      "original": {
        "owner": "nixos",
        "ref": "nixos-unstable",
        "repo": "nixpkgs",
        "type": "github"
      }
    },
    "nvim": {
      "inputs": {
        "nixpkgs": [
          "nixpkgs-unstable"
        ]
      },
      "locked": {
        "lastModified": 1707376193,
        "narHash": "sha256-L4FzrIS9YrwTYq+P4+gfdoun3sxdcoEgMQnAnn8jtdE=",
        "owner": "Rido-o",
        "repo": "nvim",
        "rev": "ebe2199fa8e84ee83e065ead43272edf30c11de6",
        "type": "github"
      },
      "original": {
        "owner": "Rido-o",
        "repo": "nvim",
        "type": "github"
      }
    },
    "root": {
      "inputs": {
        "dmenu-src": "dmenu-src",
        "dwm-src": "dwm-src",
        "dwmblocks-src": "dwmblocks-src",
        "firefox-addons": "firefox-addons",
        "hardware": "hardware",
        "home-manager": "home-manager",
        "nixpkgs": "nixpkgs",
        "nixpkgs-unstable": "nixpkgs-unstable",
        "nvim": "nvim",
        "xmenu-src": "xmenu-src"
      }
    },
    "xmenu-src": {
      "flake": false,
      "locked": {
        "lastModified": 1693747487,
        "narHash": "sha256-j8g1uAenzvkd+yV0dEf4UIqmS2Ea3VY5FuS75Pur/r0=",
        "owner": "phillbush",
        "repo": "xmenu",
        "rev": "8c4013a370cf60c9af52b34ce69a4fd596907c0a",
        "type": "github"
      },
      "original": {
        "owner": "phillbush",
        "repo": "xmenu",
        "type": "github"
      }
    }
  },
  "root": "root",
  "version": 7
}
